
Microsoft Visual Studio Solution File, Format Version 12.00
# Visual Studio 15
VisualStudioVersion = 15.0.28307.421
MinimumVisualStudioVersion = 10.0.40219.1
Project("{FAE04EC0-301F-11D3-BF4B-00C04F79EFBC}") = "SellsManager", "SellsManager\SellsManager.csproj", "{DBBE0EC8-FFBE-4A5B-A128-DE7AA8B22DD1}"
EndProject
Global
	GlobalSection(SolutionConfigurationPlatforms) = preSolution
		Debug|Any CPU = Debug|Any CPU
		Release|Any CPU = Release|Any CPU
	EndGlobalSection
	GlobalSection(ProjectConfigurationPlatforms) = postSolution
		{DBBE0EC8-FFBE-4A5B-A128-DE7AA8B22DD1}.Debug|Any CPU.ActiveCfg = Debug|Any CPU
		{DBBE0EC8-FFBE-4A5B-A128-DE7AA8B22DD1}.Debug|Any CPU.Build.0 = Debug|Any CPU
		{DBBE0EC8-FFBE-4A5B-A128-DE7AA8B22DD1}.Release|Any CPU.ActiveCfg = Release|Any CPU
		{DBBE0EC8-FFBE-4A5B-A128-DE7AA8B22DD1}.Release|Any CPU.Build.0 = Release|Any CPU
	EndGlobalSection
	GlobalSection(SolutionProperties) = preSolution
		HideSolutionNode = FALSE
	EndGlobalSection
	GlobalSection(ExtensibilityGlobals) = postSolution
		SolutionGuid = {A8043192-C048-466B-ABA3-5D8DDD98759C}
	EndGlobalSection
EndGlobal
